// !$*UTF8*$!
{
	archiveVersion = 1;
	classes = {
	};
	objectVersion = 50;
	objects = {

/* Begin PBXBuildFile section */
		ED089A4B21E77D12006A8523 /* AppDelegate.swift in Sources */ = {isa = PBXBuildFile; fileRef = ED089A4A21E77D12006A8523 /* AppDelegate.swift */; };
		ED089A5421E77D13006A8523 /* Assets.xcassets in Resources */ = {isa = PBXBuildFile; fileRef = ED089A5321E77D13006A8523 /* Assets.xcassets */; };
		ED089A6421E77D48006A8523 /* Hospitals.storyboard in Resources */ = {isa = PBXBuildFile; fileRef = ED089A6021E77D48006A8523 /* Hospitals.storyboard */; };
		ED089A6521E77D48006A8523 /* LaunchScreen.storyboard in Resources */ = {isa = PBXBuildFile; fileRef = ED089A6121E77D48006A8523 /* LaunchScreen.storyboard */; };
		ED089A6621E77D48006A8523 /* Main.storyboard in Resources */ = {isa = PBXBuildFile; fileRef = ED089A6221E77D48006A8523 /* Main.storyboard */; };
		ED089A6721E77D48006A8523 /* SignIn.storyboard in Resources */ = {isa = PBXBuildFile; fileRef = ED089A6321E77D48006A8523 /* SignIn.storyboard */; };
		ED089A6921E780B3006A8523 /* Experts.storyboard in Resources */ = {isa = PBXBuildFile; fileRef = ED089A6821E780B3006A8523 /* Experts.storyboard */; };
		ED089A6B21E78118006A8523 /* Exercises.storyboard in Resources */ = {isa = PBXBuildFile; fileRef = ED089A6A21E78118006A8523 /* Exercises.storyboard */; };
		ED089A7221E78E49006A8523 /* BaseCollectionViewController.swift in Sources */ = {isa = PBXBuildFile; fileRef = ED089A7121E78E49006A8523 /* BaseCollectionViewController.swift */; };
		ED089A7E21E89065006A8523 /* ContentViewCellRateable.swift in Sources */ = {isa = PBXBuildFile; fileRef = ED089A7D21E89065006A8523 /* ContentViewCellRateable.swift */; };
		ED089A8021E890DC006A8523 /* RateableRequesting.swift in Sources */ = {isa = PBXBuildFile; fileRef = ED089A7F21E890DC006A8523 /* RateableRequesting.swift */; };
		ED089A8621E89B6A006A8523 /* RequestHandler.swift in Sources */ = {isa = PBXBuildFile; fileRef = ED089A8521E89B6A006A8523 /* RequestHandler.swift */; };
		ED089A8921E8EB4F006A8523 /* ImageRequesting.swift in Sources */ = {isa = PBXBuildFile; fileRef = ED089A8821E8EB4F006A8523 /* ImageRequesting.swift */; };
		ED089A8C21E8EF1A006A8523 /* BaseUIContentViewCell.swift in Sources */ = {isa = PBXBuildFile; fileRef = ED089A8B21E8EF1A006A8523 /* BaseUIContentViewCell.swift */; };
		ED089A9121E8EFB6006A8523 /* ContentViewCell.xib in Resources */ = {isa = PBXBuildFile; fileRef = ED089A9021E8EFB6006A8523 /* ContentViewCell.xib */; };
		ED089A9521E8FD05006A8523 /* ExpertsCollectionViewController.swift in Sources */ = {isa = PBXBuildFile; fileRef = ED089A9421E8FD05006A8523 /* ExpertsCollectionViewController.swift */; };
		ED089A9721E8FE9A006A8523 /* ExercisesCollectionViewController.swift in Sources */ = {isa = PBXBuildFile; fileRef = ED089A9621E8FE9A006A8523 /* ExercisesCollectionViewController.swift */; };
		ED089A9921EC831C006A8523 /* ProfileView.xib in Resources */ = {isa = PBXBuildFile; fileRef = ED089A9821EC831C006A8523 /* ProfileView.xib */; };
		ED089A9B21EC8523006A8523 /* SettingsViewController.swift in Sources */ = {isa = PBXBuildFile; fileRef = ED089A9A21EC8523006A8523 /* SettingsViewController.swift */; };
		ED089A9F21EC8848006A8523 /* BaseProfileView.swift in Sources */ = {isa = PBXBuildFile; fileRef = ED089A9E21EC8848006A8523 /* BaseProfileView.swift */; };
		ED6CBE7721ECB9DF00860010 /* RoundImageHandler.swift in Sources */ = {isa = PBXBuildFile; fileRef = ED6CBE7621ECB9DF00860010 /* RoundImageHandler.swift */; };
		ED6CBE7A21ECCDBD00860010 /* MainCoreDataContainer.xcdatamodeld in Sources */ = {isa = PBXBuildFile; fileRef = ED6CBE7821ECCDBD00860010 /* MainCoreDataContainer.xcdatamodeld */; };
/* End PBXBuildFile section */

/* Begin PBXFileReference section */
		ED089A4721E77D12006A8523 /* HealthSchedule.app */ = {isa = PBXFileReference; explicitFileType = wrapper.application; includeInIndex = 0; path = HealthSchedule.app; sourceTree = BUILT_PRODUCTS_DIR; };
		ED089A4A21E77D12006A8523 /* AppDelegate.swift */ = {isa = PBXFileReference; lastKnownFileType = sourcecode.swift; path = AppDelegate.swift; sourceTree = "<group>"; };
		ED089A5321E77D13006A8523 /* Assets.xcassets */ = {isa = PBXFileReference; lastKnownFileType = folder.assetcatalog; path = Assets.xcassets; sourceTree = "<group>"; };
		ED089A5821E77D13006A8523 /* Info.plist */ = {isa = PBXFileReference; lastKnownFileType = text.plist.xml; path = Info.plist; sourceTree = "<group>"; };
		ED089A6021E77D48006A8523 /* Hospitals.storyboard */ = {isa = PBXFileReference; fileEncoding = 4; lastKnownFileType = file.storyboard; path = Hospitals.storyboard; sourceTree = "<group>"; };
		ED089A6121E77D48006A8523 /* LaunchScreen.storyboard */ = {isa = PBXFileReference; fileEncoding = 4; lastKnownFileType = file.storyboard; name = LaunchScreen.storyboard; path = HealthSchedule/UI/Storyboards/LaunchScreen.storyboard; sourceTree = SOURCE_ROOT; };
		ED089A6221E77D48006A8523 /* Main.storyboard */ = {isa = PBXFileReference; fileEncoding = 4; lastKnownFileType = file.storyboard; path = Main.storyboard; sourceTree = "<group>"; };
		ED089A6321E77D48006A8523 /* SignIn.storyboard */ = {isa = PBXFileReference; fileEncoding = 4; lastKnownFileType = file.storyboard; path = SignIn.storyboard; sourceTree = "<group>"; };
		ED089A6821E780B3006A8523 /* Experts.storyboard */ = {isa = PBXFileReference; fileEncoding = 4; lastKnownFileType = file.storyboard; path = Experts.storyboard; sourceTree = "<group>"; };
		ED089A6A21E78118006A8523 /* Exercises.storyboard */ = {isa = PBXFileReference; fileEncoding = 4; lastKnownFileType = file.storyboard; path = Exercises.storyboard; sourceTree = "<group>"; };
		ED089A7121E78E49006A8523 /* BaseCollectionViewController.swift */ = {isa = PBXFileReference; lastKnownFileType = sourcecode.swift; path = BaseCollectionViewController.swift; sourceTree = "<group>"; };
		ED089A7D21E89065006A8523 /* ContentViewCellRateable.swift */ = {isa = PBXFileReference; fileEncoding = 4; lastKnownFileType = sourcecode.swift; path = ContentViewCellRateable.swift; sourceTree = "<group>"; };
		ED089A7F21E890DC006A8523 /* RateableRequesting.swift */ = {isa = PBXFileReference; lastKnownFileType = sourcecode.swift; path = RateableRequesting.swift; sourceTree = "<group>"; };
		ED089A8521E89B6A006A8523 /* RequestHandler.swift */ = {isa = PBXFileReference; lastKnownFileType = sourcecode.swift; path = RequestHandler.swift; sourceTree = "<group>"; };
		ED089A8821E8EB4F006A8523 /* ImageRequesting.swift */ = {isa = PBXFileReference; lastKnownFileType = sourcecode.swift; path = ImageRequesting.swift; sourceTree = "<group>"; };
		ED089A8B21E8EF1A006A8523 /* BaseUIContentViewCell.swift */ = {isa = PBXFileReference; lastKnownFileType = sourcecode.swift; path = BaseUIContentViewCell.swift; sourceTree = "<group>"; };
		ED089A9021E8EFB6006A8523 /* ContentViewCell.xib */ = {isa = PBXFileReference; lastKnownFileType = file.xib; path = ContentViewCell.xib; sourceTree = "<group>"; };
		ED089A9421E8FD05006A8523 /* ExpertsCollectionViewController.swift */ = {isa = PBXFileReference; lastKnownFileType = sourcecode.swift; path = ExpertsCollectionViewController.swift; sourceTree = "<group>"; };
		ED089A9621E8FE9A006A8523 /* ExercisesCollectionViewController.swift */ = {isa = PBXFileReference; lastKnownFileType = sourcecode.swift; path = ExercisesCollectionViewController.swift; sourceTree = "<group>"; };
		ED089A9821EC831C006A8523 /* ProfileView.xib */ = {isa = PBXFileReference; lastKnownFileType = file.xib; path = ProfileView.xib; sourceTree = "<group>"; };
		ED089A9A21EC8523006A8523 /* SettingsViewController.swift */ = {isa = PBXFileReference; lastKnownFileType = sourcecode.swift; path = SettingsViewController.swift; sourceTree = "<group>"; };
		ED089A9E21EC8848006A8523 /* BaseProfileView.swift */ = {isa = PBXFileReference; lastKnownFileType = sourcecode.swift; path = BaseProfileView.swift; sourceTree = "<group>"; };
		ED6CBE7621ECB9DF00860010 /* RoundImageHandler.swift */ = {isa = PBXFileReference; lastKnownFileType = sourcecode.swift; path = RoundImageHandler.swift; sourceTree = "<group>"; };
		ED6CBE7921ECCDBD00860010 /* MainCoreDataContainer.xcdatamodel */ = {isa = PBXFileReference; lastKnownFileType = wrapper.xcdatamodel; path = MainCoreDataContainer.xcdatamodel; sourceTree = "<group>"; };
/* End PBXFileReference section */

/* Begin PBXFrameworksBuildPhase section */
		ED089A4421E77D12006A8523 /* Frameworks */ = {
			isa = PBXFrameworksBuildPhase;
			buildActionMask = 2147483647;
			files = (
			);
			runOnlyForDeploymentPostprocessing = 0;
		};
/* End PBXFrameworksBuildPhase section */

/* Begin PBXGroup section */
		ED089A3E21E77D12006A8523 = {
			isa = PBXGroup;
			children = (
				ED089A4921E77D12006A8523 /* HealthSchedule */,
				ED089A4821E77D12006A8523 /* Products */,
			);
			sourceTree = "<group>";
		};
		ED089A4821E77D12006A8523 /* Products */ = {
			isa = PBXGroup;
			children = (
				ED089A4721E77D12006A8523 /* HealthSchedule.app */,
			);
			name = Products;
			sourceTree = "<group>";
		};
		ED089A4921E77D12006A8523 /* HealthSchedule */ = {
			isa = PBXGroup;
			children = (
				ED089A7621E7909C006A8523 /* Abstracts */,
				ED089A4A21E77D12006A8523 /* AppDelegate.swift */,
				ED089A5321E77D13006A8523 /* Assets.xcassets */,
				ED089A6E21E78751006A8523 /* Controllers */,
				ED089A8421E899D9006A8523 /* Handlers */,
				ED089A5821E77D13006A8523 /* Info.plist */,
				ED6CBE7821ECCDBD00860010 /* MainCoreDataContainer.xcdatamodeld */,
				ED089A5E21E77D48006A8523 /* UI */,
				ED089A7321E7902D006A8523 /* Views */,
			);
			path = HealthSchedule;
			sourceTree = "<group>";
		};
		ED089A5E21E77D48006A8523 /* UI */ = {
			isa = PBXGroup;
			children = (
				ED089A8D21E8EF53006A8523 /* Elements */,
				ED089A5F21E77D48006A8523 /* Storyboards */,
			);
			path = UI;
			sourceTree = "<group>";
		};
		ED089A5F21E77D48006A8523 /* Storyboards */ = {
			isa = PBXGroup;
			children = (
				ED089A6021E77D48006A8523 /* Hospitals.storyboard */,
				ED089A6121E77D48006A8523 /* LaunchScreen.storyboard */,
				ED089A6221E77D48006A8523 /* Main.storyboard */,
				ED089A6A21E78118006A8523 /* Exercises.storyboard */,
				ED089A6821E780B3006A8523 /* Experts.storyboard */,
				ED089A6321E77D48006A8523 /* SignIn.storyboard */,
			);
			path = Storyboards;
			sourceTree = "<group>";
		};
		ED089A6E21E78751006A8523 /* Controllers */ = {
			isa = PBXGroup;
			children = (
				ED089A7121E78E49006A8523 /* BaseCollectionViewController.swift */,
				ED089A9421E8FD05006A8523 /* ExpertsCollectionViewController.swift */,
				ED089A9621E8FE9A006A8523 /* ExercisesCollectionViewController.swift */,
				ED089A9A21EC8523006A8523 /* SettingsViewController.swift */,
			);
			path = Controllers;
			sourceTree = "<group>";
		};
		ED089A7321E7902D006A8523 /* Views */ = {
			isa = PBXGroup;
			children = (
				ED089A8B21E8EF1A006A8523 /* BaseUIContentViewCell.swift */,
				ED089A9E21EC8848006A8523 /* BaseProfileView.swift */,
			);
			path = Views;
			sourceTree = "<group>";
		};
		ED089A7621E7909C006A8523 /* Abstracts */ = {
			isa = PBXGroup;
			children = (
				ED089A8A21E8EEF8006A8523 /* BaseClasses */,
				ED089A7C21E79BFD006A8523 /* Protocols */,
			);
			path = Abstracts;
			sourceTree = "<group>";
		};
		ED089A7C21E79BFD006A8523 /* Protocols */ = {
			isa = PBXGroup;
			children = (
				ED089A7D21E89065006A8523 /* ContentViewCellRateable.swift */,
				ED089A7F21E890DC006A8523 /* RateableRequesting.swift */,
				ED089A8821E8EB4F006A8523 /* ImageRequesting.swift */,
			);
			path = Protocols;
			sourceTree = "<group>";
		};
		ED089A8421E899D9006A8523 /* Handlers */ = {
			isa = PBXGroup;
			children = (
				ED089A8521E89B6A006A8523 /* RequestHandler.swift */,
				ED6CBE7621ECB9DF00860010 /* RoundImageHandler.swift */,
			);
			path = Handlers;
			sourceTree = "<group>";
		};
		ED089A8A21E8EEF8006A8523 /* BaseClasses */ = {
			isa = PBXGroup;
			children = (
			);
			path = BaseClasses;
			sourceTree = "<group>";
		};
		ED089A8D21E8EF53006A8523 /* Elements */ = {
			isa = PBXGroup;
			children = (
				ED089A9021E8EFB6006A8523 /* ContentViewCell.xib */,
				ED089A9821EC831C006A8523 /* ProfileView.xib */,
			);
			path = Elements;
			sourceTree = "<group>";
		};
/* End PBXGroup section */

/* Begin PBXNativeTarget section */
		ED089A4621E77D12006A8523 /* HealthSchedule */ = {
			isa = PBXNativeTarget;
			buildConfigurationList = ED089A5B21E77D13006A8523 /* Build configuration list for PBXNativeTarget "HealthSchedule" */;
			buildPhases = (
				ED089A4321E77D12006A8523 /* Sources */,
				ED089A4421E77D12006A8523 /* Frameworks */,
				ED089A4521E77D12006A8523 /* Resources */,
			);
			buildRules = (
			);
			dependencies = (
			);
			name = HealthSchedule;
			productName = HealthSchedule;
			productReference = ED089A4721E77D12006A8523 /* HealthSchedule.app */;
			productType = "com.apple.product-type.application";
		};
/* End PBXNativeTarget section */

/* Begin PBXProject section */
		ED089A3F21E77D12006A8523 /* Project object */ = {
			isa = PBXProject;
			attributes = {
				LastSwiftUpdateCheck = 1010;
				LastUpgradeCheck = 1010;
				ORGANIZATIONNAME = "sys-246";
				TargetAttributes = {
					ED089A4621E77D12006A8523 = {
						CreatedOnToolsVersion = 10.1;
					};
				};
			};
			buildConfigurationList = ED089A4221E77D12006A8523 /* Build configuration list for PBXProject "HealthSchedule" */;
			compatibilityVersion = "Xcode 9.3";
			developmentRegion = en;
			hasScannedForEncodings = 0;
			knownRegions = (
				en,
				Base,
			);
			mainGroup = ED089A3E21E77D12006A8523;
			productRefGroup = ED089A4821E77D12006A8523 /* Products */;
			projectDirPath = "";
			projectRoot = "";
			targets = (
				ED089A4621E77D12006A8523 /* HealthSchedule */,
			);
		};
/* End PBXProject section */

/* Begin PBXResourcesBuildPhase section */
		ED089A4521E77D12006A8523 /* Resources */ = {
			isa = PBXResourcesBuildPhase;
			buildActionMask = 2147483647;
			files = (
				ED089A6521E77D48006A8523 /* LaunchScreen.storyboard in Resources */,
				ED089A6721E77D48006A8523 /* SignIn.storyboard in Resources */,
				ED089A9121E8EFB6006A8523 /* ContentViewCell.xib in Resources */,
				ED089A6B21E78118006A8523 /* Exercises.storyboard in Resources */,
				ED089A6921E780B3006A8523 /* Experts.storyboard in Resources */,
				ED089A9921EC831C006A8523 /* ProfileView.xib in Resources */,
				ED089A6421E77D48006A8523 /* Hospitals.storyboard in Resources */,
				ED089A5421E77D13006A8523 /* Assets.xcassets in Resources */,
				ED089A6621E77D48006A8523 /* Main.storyboard in Resources */,
			);
			runOnlyForDeploymentPostprocessing = 0;
		};
/* End PBXResourcesBuildPhase section */

/* Begin PBXSourcesBuildPhase section */
		ED089A4321E77D12006A8523 /* Sources */ = {
			isa = PBXSourcesBuildPhase;
			buildActionMask = 2147483647;
			files = (
				ED089A8621E89B6A006A8523 /* RequestHandler.swift in Sources */,
				ED089A8021E890DC006A8523 /* RateableRequesting.swift in Sources */,
				ED089A9F21EC8848006A8523 /* BaseProfileView.swift in Sources */,
				ED089A8921E8EB4F006A8523 /* ImageRequesting.swift in Sources */,
				ED089A9B21EC8523006A8523 /* SettingsViewController.swift in Sources */,
				ED089A9721E8FE9A006A8523 /* ExercisesCollectionViewController.swift in Sources */,
				ED089A8C21E8EF1A006A8523 /* BaseUIContentViewCell.swift in Sources */,
				ED089A4B21E77D12006A8523 /* AppDelegate.swift in Sources */,
				ED089A7E21E89065006A8523 /* ContentViewCellRateable.swift in Sources */,
				ED089A9521E8FD05006A8523 /* ExpertsCollectionViewController.swift in Sources */,
				ED089A7221E78E49006A8523 /* BaseCollectionViewController.swift in Sources */,
				ED6CBE7A21ECCDBD00860010 /* MainCoreDataContainer.xcdatamodeld in Sources */,
				ED6CBE7721ECB9DF00860010 /* RoundImageHandler.swift in Sources */,
			);
			runOnlyForDeploymentPostprocessing = 0;
		};
/* End PBXSourcesBuildPhase section */

/* Begin XCBuildConfiguration section */
		ED089A5921E77D13006A8523 /* Debug */ = {
			isa = XCBuildConfiguration;
			buildSettings = {
				ALWAYS_SEARCH_USER_PATHS = NO;
				CLANG_ANALYZER_NONNULL = YES;
				CLANG_ANALYZER_NUMBER_OBJECT_CONVERSION = YES_AGGRESSIVE;
				CLANG_CXX_LANGUAGE_STANDARD = "gnu++14";
				CLANG_CXX_LIBRARY = "libc++";
				CLANG_ENABLE_MODULES = YES;
				CLANG_ENABLE_OBJC_ARC = YES;
				CLANG_ENABLE_OBJC_WEAK = YES;
				CLANG_WARN_BLOCK_CAPTURE_AUTORELEASING = YES;
				CLANG_WARN_BOOL_CONVERSION = YES;
				CLANG_WARN_COMMA = YES;
				CLANG_WARN_CONSTANT_CONVERSION = YES;
				CLANG_WARN_DEPRECATED_OBJC_IMPLEMENTATIONS = YES;
				CLANG_WARN_DIRECT_OBJC_ISA_USAGE = YES_ERROR;
				CLANG_WARN_DOCUMENTATION_COMMENTS = YES;
				CLANG_WARN_EMPTY_BODY = YES;
				CLANG_WARN_ENUM_CONVERSION = YES;
				CLANG_WARN_INFINITE_RECURSION = YES;
				CLANG_WARN_INT_CONVERSION = YES;
				CLANG_WARN_NON_LITERAL_NULL_CONVERSION = YES;
				CLANG_WARN_OBJC_IMPLICIT_RETAIN_SELF = YES;
				CLANG_WARN_OBJC_LITERAL_CONVERSION = YES;
				CLANG_WARN_OBJC_ROOT_CLASS = YES_ERROR;
				CLANG_WARN_RANGE_LOOP_ANALYSIS = YES;
				CLANG_WARN_STRICT_PROTOTYPES = YES;
				CLANG_WARN_SUSPICIOUS_MOVE = YES;
				CLANG_WARN_UNGUARDED_AVAILABILITY = YES_AGGRESSIVE;
				CLANG_WARN_UNREACHABLE_CODE = YES;
				CLANG_WARN__DUPLICATE_METHOD_MATCH = YES;
				CODE_SIGN_IDENTITY = "iPhone Developer";
				COPY_PHASE_STRIP = NO;
				DEBUG_INFORMATION_FORMAT = dwarf;
				ENABLE_STRICT_OBJC_MSGSEND = YES;
				ENABLE_TESTABILITY = YES;
				GCC_C_LANGUAGE_STANDARD = gnu11;
				GCC_DYNAMIC_NO_PIC = NO;
				GCC_NO_COMMON_BLOCKS = YES;
				GCC_OPTIMIZATION_LEVEL = 0;
				GCC_PREPROCESSOR_DEFINITIONS = (
					"DEBUG=1",
					"$(inherited)",
				);
				GCC_WARN_64_TO_32_BIT_CONVERSION = YES;
				GCC_WARN_ABOUT_RETURN_TYPE = YES_ERROR;
				GCC_WARN_UNDECLARED_SELECTOR = YES;
				GCC_WARN_UNINITIALIZED_AUTOS = YES_AGGRESSIVE;
				GCC_WARN_UNUSED_FUNCTION = YES;
				GCC_WARN_UNUSED_VARIABLE = YES;
				IPHONEOS_DEPLOYMENT_TARGET = 12.1;
				MTL_ENABLE_DEBUG_INFO = INCLUDE_SOURCE;
				MTL_FAST_MATH = YES;
				ONLY_ACTIVE_ARCH = YES;
				SDKROOT = iphoneos;
				SWIFT_ACTIVE_COMPILATION_CONDITIONS = DEBUG;
				SWIFT_OPTIMIZATION_LEVEL = "-Onone";
			};
			name = Debug;
		};
		ED089A5A21E77D13006A8523 /* Release */ = {
			isa = XCBuildConfiguration;
			buildSettings = {
				ALWAYS_SEARCH_USER_PATHS = NO;
				CLANG_ANALYZER_NONNULL = YES;
				CLANG_ANALYZER_NUMBER_OBJECT_CONVERSION = YES_AGGRESSIVE;
				CLANG_CXX_LANGUAGE_STANDARD = "gnu++14";
				CLANG_CXX_LIBRARY = "libc++";
				CLANG_ENABLE_MODULES = YES;
				CLANG_ENABLE_OBJC_ARC = YES;
				CLANG_ENABLE_OBJC_WEAK = YES;
				CLANG_WARN_BLOCK_CAPTURE_AUTORELEASING = YES;
				CLANG_WARN_BOOL_CONVERSION = YES;
				CLANG_WARN_COMMA = YES;
				CLANG_WARN_CONSTANT_CONVERSION = YES;
				CLANG_WARN_DEPRECATED_OBJC_IMPLEMENTATIONS = YES;
				CLANG_WARN_DIRECT_OBJC_ISA_USAGE = YES_ERROR;
				CLANG_WARN_DOCUMENTATION_COMMENTS = YES;
				CLANG_WARN_EMPTY_BODY = YES;
				CLANG_WARN_ENUM_CONVERSION = YES;
				CLANG_WARN_INFINITE_RECURSION = YES;
				CLANG_WARN_INT_CONVERSION = YES;
				CLANG_WARN_NON_LITERAL_NULL_CONVERSION = YES;
				CLANG_WARN_OBJC_IMPLICIT_RETAIN_SELF = YES;
				CLANG_WARN_OBJC_LITERAL_CONVERSION = YES;
				CLANG_WARN_OBJC_ROOT_CLASS = YES_ERROR;
				CLANG_WARN_RANGE_LOOP_ANALYSIS = YES;
				CLANG_WARN_STRICT_PROTOTYPES = YES;
				CLANG_WARN_SUSPICIOUS_MOVE = YES;
				CLANG_WARN_UNGUARDED_AVAILABILITY = YES_AGGRESSIVE;
				CLANG_WARN_UNREACHABLE_CODE = YES;
				CLANG_WARN__DUPLICATE_METHOD_MATCH = YES;
				CODE_SIGN_IDENTITY = "iPhone Developer";
				COPY_PHASE_STRIP = NO;
				DEBUG_INFORMATION_FORMAT = "dwarf-with-dsym";
				ENABLE_NS_ASSERTIONS = NO;
				ENABLE_STRICT_OBJC_MSGSEND = YES;
				GCC_C_LANGUAGE_STANDARD = gnu11;
				GCC_NO_COMMON_BLOCKS = YES;
				GCC_WARN_64_TO_32_BIT_CONVERSION = YES;
				GCC_WARN_ABOUT_RETURN_TYPE = YES_ERROR;
				GCC_WARN_UNDECLARED_SELECTOR = YES;
				GCC_WARN_UNINITIALIZED_AUTOS = YES_AGGRESSIVE;
				GCC_WARN_UNUSED_FUNCTION = YES;
				GCC_WARN_UNUSED_VARIABLE = YES;
				IPHONEOS_DEPLOYMENT_TARGET = 12.1;
				MTL_ENABLE_DEBUG_INFO = NO;
				MTL_FAST_MATH = YES;
				SDKROOT = iphoneos;
				SWIFT_COMPILATION_MODE = wholemodule;
				SWIFT_OPTIMIZATION_LEVEL = "-O";
				VALIDATE_PRODUCT = YES;
			};
			name = Release;
		};
		ED089A5C21E77D13006A8523 /* Debug */ = {
			isa = XCBuildConfiguration;
			buildSettings = {
				ASSETCATALOG_COMPILER_APPICON_NAME = AppIcon;
				CODE_SIGN_STYLE = Automatic;
				DEVELOPMENT_TEAM = A3P55P4RYT;
				INFOPLIST_FILE = HealthSchedule/Info.plist;
				LD_RUNPATH_SEARCH_PATHS = (
					"$(inherited)",
					"@executable_path/Frameworks",
				);
				PRODUCT_BUNDLE_IDENTIFIER = com.FinalProduct.HealthSchedule;
				PRODUCT_NAME = "$(TARGET_NAME)";
				SWIFT_VERSION = 4.2;
				TARGETED_DEVICE_FAMILY = "1,2";
			};
			name = Debug;
		};
		ED089A5D21E77D13006A8523 /* Release */ = {
			isa = XCBuildConfiguration;
			buildSettings = {
				ASSETCATALOG_COMPILER_APPICON_NAME = AppIcon;
				CODE_SIGN_STYLE = Automatic;
				DEVELOPMENT_TEAM = A3P55P4RYT;
				INFOPLIST_FILE = HealthSchedule/Info.plist;
				LD_RUNPATH_SEARCH_PATHS = (
					"$(inherited)",
					"@executable_path/Frameworks",
				);
				PRODUCT_BUNDLE_IDENTIFIER = com.FinalProduct.HealthSchedule;
				PRODUCT_NAME = "$(TARGET_NAME)";
				SWIFT_VERSION = 4.2;
				TARGETED_DEVICE_FAMILY = "1,2";
			};
			name = Release;
		};
/* End XCBuildConfiguration section */

/* Begin XCConfigurationList section */
		ED089A4221E77D12006A8523 /* Build configuration list for PBXProject "HealthSchedule" */ = {
			isa = XCConfigurationList;
			buildConfigurations = (
				ED089A5921E77D13006A8523 /* Debug */,
				ED089A5A21E77D13006A8523 /* Release */,
			);
			defaultConfigurationIsVisible = 0;
			defaultConfigurationName = Release;
		};
		ED089A5B21E77D13006A8523 /* Build configuration list for PBXNativeTarget "HealthSchedule" */ = {
			isa = XCConfigurationList;
			buildConfigurations = (
				ED089A5C21E77D13006A8523 /* Debug */,
				ED089A5D21E77D13006A8523 /* Release */,
			);
			defaultConfigurationIsVisible = 0;
			defaultConfigurationName = Release;
		};
/* End XCConfigurationList section */

/* Begin XCVersionGroup section */
		ED6CBE7821ECCDBD00860010 /* MainCoreDataContainer.xcdatamodeld */ = {
			isa = XCVersionGroup;
			children = (
				ED6CBE7921ECCDBD00860010 /* MainCoreDataContainer.xcdatamodel */,
			);
			currentVersion = ED6CBE7921ECCDBD00860010 /* MainCoreDataContainer.xcdatamodel */;
			path = MainCoreDataContainer.xcdatamodeld;
			sourceTree = "<group>";
			versionGroupType = wrapper.xcdatamodel;
		};
/* End XCVersionGroup section */
	};
	rootObject = ED089A3F21E77D12006A8523 /* Project object */;
}
