// !$*UTF8*$!
{
	archiveVersion = 1;
	classes = {
	};
	objectVersion = 50;
	objects = {

/* Begin PBXBuildFile section */
		DB8519382208CC0E00CCF452 /* ViewLines.swift in Sources */ = {isa = PBXBuildFile; fileRef = DB8519372208CC0E00CCF452 /* ViewLines.swift */; };
		DB85193A2208EECB00CCF452 /* StackViewBackground.swift in Sources */ = {isa = PBXBuildFile; fileRef = DB8519392208EECB00CCF452 /* StackViewBackground.swift */; };
		DB85193C2208F1B900CCF452 /* ImageViewColorChange.swift in Sources */ = {isa = PBXBuildFile; fileRef = DB85193B2208F1B900CCF452 /* ImageViewColorChange.swift */; };
		DBADDE5621F4CD9200C3EA2F /* ProviderSignUpViewController.swift in Sources */ = {isa = PBXBuildFile; fileRef = DBADDE5521F4CD9200C3EA2F /* ProviderSignUpViewController.swift */; };
		ED089A4B21E77D12006A8523 /* AppDelegate.swift in Sources */ = {isa = PBXBuildFile; fileRef = ED089A4A21E77D12006A8523 /* AppDelegate.swift */; };
		ED089A8621E89B6A006A8523 /* UrlSessionHandler.swift in Sources */ = {isa = PBXBuildFile; fileRef = ED089A8521E89B6A006A8523 /* UrlSessionHandler.swift */; };
		ED089A8C21E8EF1A006A8523 /* UserCollectionViewCell.swift in Sources */ = {isa = PBXBuildFile; fileRef = ED089A8B21E8EF1A006A8523 /* UserCollectionViewCell.swift */; };
		ED089A9121E8EFB6006A8523 /* ContentViewCell.xib in Resources */ = {isa = PBXBuildFile; fileRef = ED089A9021E8EFB6006A8523 /* ContentViewCell.xib */; };
		ED089A9F21EC8848006A8523 /* ProfileView.swift in Sources */ = {isa = PBXBuildFile; fileRef = ED089A9E21EC8848006A8523 /* ProfileView.swift */; };
		ED1ED01A21FF199100141CF5 /* City.swift in Sources */ = {isa = PBXBuildFile; fileRef = ED1ED01921FF199100141CF5 /* City.swift */; };
		ED1ED01E21FF2A1500141CF5 /* XibLoad.swift in Sources */ = {isa = PBXBuildFile; fileRef = ED1ED01D21FF2A1500141CF5 /* XibLoad.swift */; };
		ED1ED02221FF34B700141CF5 /* RequestManager.swift in Sources */ = {isa = PBXBuildFile; fileRef = ED1ED02121FF34B700141CF5 /* RequestManager.swift */; };
		ED1ED02421FF353400141CF5 /* Category.swift in Sources */ = {isa = PBXBuildFile; fileRef = ED1ED02321FF353400141CF5 /* Category.swift */; };
		ED1ED02921FF5C2D00141CF5 /* ValidationManager.swift in Sources */ = {isa = PBXBuildFile; fileRef = ED1ED02821FF5C2D00141CF5 /* ValidationManager.swift */; };
		ED231B2122295A1700A80FC9 /* HomeViewController.swift in Sources */ = {isa = PBXBuildFile; fileRef = ED231B2022295A1700A80FC9 /* HomeViewController.swift */; };
		ED231B2622297C6900A80FC9 /* HistoryViewController.swift in Sources */ = {isa = PBXBuildFile; fileRef = ED231B2522297C6900A80FC9 /* HistoryViewController.swift */; };
		ED231B282229840600A80FC9 /* NavigationHoverHeaderView.swift in Sources */ = {isa = PBXBuildFile; fileRef = ED231B272229840600A80FC9 /* NavigationHoverHeaderView.swift */; };
		ED231B2F222D486600A80FC9 /* AccountSection.swift in Sources */ = {isa = PBXBuildFile; fileRef = ED231B2E222D486600A80FC9 /* AccountSection.swift */; };
		ED231B31222D48FF00A80FC9 /* AccountTableView.swift in Sources */ = {isa = PBXBuildFile; fileRef = ED231B30222D48FF00A80FC9 /* AccountTableView.swift */; };
		ED231B33222D498800A80FC9 /* AccountRow.swift in Sources */ = {isa = PBXBuildFile; fileRef = ED231B32222D498800A80FC9 /* AccountRow.swift */; };
		ED231B3B222D7C2600A80FC9 /* HomeNavigationController.swift in Sources */ = {isa = PBXBuildFile; fileRef = ED231B3A222D7C2600A80FC9 /* HomeNavigationController.swift */; };
		ED231B3D222D7C3600A80FC9 /* HistoryNavigatonController.swift in Sources */ = {isa = PBXBuildFile; fileRef = ED231B3C222D7C3600A80FC9 /* HistoryNavigatonController.swift */; };
		ED330C6321EF87B8001019FC /* AuthenticationViewController.swift in Sources */ = {isa = PBXBuildFile; fileRef = ED330C6221EF87B8001019FC /* AuthenticationViewController.swift */; };
		ED330C6821F0748B001019FC /* AlertHandler.swift in Sources */ = {isa = PBXBuildFile; fileRef = ED330C6721F0748B001019FC /* AlertHandler.swift */; };
		ED330C6C21F08536001019FC /* SignUpRootViewController.swift in Sources */ = {isa = PBXBuildFile; fileRef = ED330C6B21F08536001019FC /* SignUpRootViewController.swift */; };
		ED330C9121F21B35001019FC /* DesignableTextField.swift in Sources */ = {isa = PBXBuildFile; fileRef = ED330C9021F21B35001019FC /* DesignableTextField.swift */; };
		ED330C9321F223AE001019FC /* BlurHandler.swift in Sources */ = {isa = PBXBuildFile; fileRef = ED330C9221F223AE001019FC /* BlurHandler.swift */; };
		ED34D7F522088F230025BACF /* RoundView.swift in Sources */ = {isa = PBXBuildFile; fileRef = ED34D7F422088F230025BACF /* RoundView.swift */; };
		ED34D7F72209A8480025BACF /* AccountViewController.swift in Sources */ = {isa = PBXBuildFile; fileRef = ED34D7F62209A8480025BACF /* AccountViewController.swift */; };
		ED34D7F92209B1020025BACF /* SignUp.storyboard in Resources */ = {isa = PBXBuildFile; fileRef = ED34D7F82209B1020025BACF /* SignUp.storyboard */; };
		ED34D7FC2209D2000025BACF /* MainSignUpInfoView.swift in Sources */ = {isa = PBXBuildFile; fileRef = ED34D7FB2209D2000025BACF /* MainSignUpInfoView.swift */; };
		ED3A156D220B1B400013BD60 /* DetailedinfoMainView.swift in Sources */ = {isa = PBXBuildFile; fileRef = ED3A156C220B1B400013BD60 /* DetailedinfoMainView.swift */; };
		ED3D233A21F5F98C00BCADE9 /* SelectWithExperienceView.xib in Resources */ = {isa = PBXBuildFile; fileRef = ED3D233921F5F98C00BCADE9 /* SelectWithExperienceView.xib */; };
		ED3D233E21F617A600BCADE9 /* SelectWithExperienceView.swift in Sources */ = {isa = PBXBuildFile; fileRef = ED3D233D21F617A600BCADE9 /* SelectWithExperienceView.swift */; };
		ED4482EC22044B4A00BE8EF0 /* Token.swift in Sources */ = {isa = PBXBuildFile; fileRef = ED4482EB22044B4A00BE8EF0 /* Token.swift */; };
		ED4482F3220457B600BE8EF0 /* Serializer.swift in Sources */ = {isa = PBXBuildFile; fileRef = ED4482F2220457B600BE8EF0 /* Serializer.swift */; };
		ED4482FC22045E4700BE8EF0 /* SystemExtensions.swift in Sources */ = {isa = PBXBuildFile; fileRef = ED4482FB22045E4700BE8EF0 /* SystemExtensions.swift */; };
		ED44830122046B0A00BE8EF0 /* Parser.swift in Sources */ = {isa = PBXBuildFile; fileRef = ED44830022046B0A00BE8EF0 /* Parser.swift */; };
		ED448303220473BD00BE8EF0 /* ProfileImage.swift in Sources */ = {isa = PBXBuildFile; fileRef = ED448302220473BD00BE8EF0 /* ProfileImage.swift */; };
		ED448306220477B900BE8EF0 /* ProviderData.swift in Sources */ = {isa = PBXBuildFile; fileRef = ED448305220477B900BE8EF0 /* ProviderData.swift */; };
		ED44830C2204A23400BE8EF0 /* Address.swift in Sources */ = {isa = PBXBuildFile; fileRef = ED44830B2204A23400BE8EF0 /* Address.swift */; };
		ED44830E2204A52500BE8EF0 /* Role.swift in Sources */ = {isa = PBXBuildFile; fileRef = ED44830D2204A52500BE8EF0 /* Role.swift */; };
		ED4483112204AA4400BE8EF0 /* UserMainModel.swift in Sources */ = {isa = PBXBuildFile; fileRef = ED4483102204AA4400BE8EF0 /* UserMainModel.swift */; };
		ED4483152208380E00BE8EF0 /* RequestEnums.swift in Sources */ = {isa = PBXBuildFile; fileRef = ED4483142208380E00BE8EF0 /* RequestEnums.swift */; };
		ED44831922086D4B00BE8EF0 /* Authentication.storyboard in Resources */ = {isa = PBXBuildFile; fileRef = ED44831822086D4B00BE8EF0 /* Authentication.storyboard */; };
		ED44831C22086FF300BE8EF0 /* AuthMainView.swift in Sources */ = {isa = PBXBuildFile; fileRef = ED44831B22086FF300BE8EF0 /* AuthMainView.swift */; };
		ED52F16E220C6D4000568CBC /* ServerException.swift in Sources */ = {isa = PBXBuildFile; fileRef = ED52F16D220C6D4000568CBC /* ServerException.swift */; };
		ED5DBCB6220066E3006070E0 /* User.swift in Sources */ = {isa = PBXBuildFile; fileRef = ED5DBCB5220066E3006070E0 /* User.swift */; };
		ED6CBE7A21ECCDBD00860010 /* MainCoreDataContainer.xcdatamodeld in Sources */ = {isa = PBXBuildFile; fileRef = ED6CBE7821ECCDBD00860010 /* MainCoreDataContainer.xcdatamodeld */; };
		ED98CBC921F7377700523EB7 /* Assets.xcassets in Resources */ = {isa = PBXBuildFile; fileRef = ED089A5321E77D13006A8523 /* Assets.xcassets */; };
		EDCFB45222280AD500A6B56F /* LaunchScreen.storyboard in Resources */ = {isa = PBXBuildFile; fileRef = EDCFB45122280AD500A6B56F /* LaunchScreen.storyboard */; };
		EDCFB45522280D2100A6B56F /* DatePickerView.swift in Sources */ = {isa = PBXBuildFile; fileRef = EDCFB45422280D2100A6B56F /* DatePickerView.swift */; };
		EDCFB458222819B800A6B56F /* MainTabBarController.swift in Sources */ = {isa = PBXBuildFile; fileRef = EDCFB457222819B800A6B56F /* MainTabBarController.swift */; };
		EDCFB45C22281E2F00A6B56F /* RootNavigationController.swift in Sources */ = {isa = PBXBuildFile; fileRef = EDCFB45B22281E2F00A6B56F /* RootNavigationController.swift */; };
		EDD3CD252201E7A400E38879 /* ProviderProfession.swift in Sources */ = {isa = PBXBuildFile; fileRef = EDD3CD242201E7A400E38879 /* ProviderProfession.swift */; };
		EDD3CD272201F21700E38879 /* ProviderService.swift in Sources */ = {isa = PBXBuildFile; fileRef = EDD3CD262201F21700E38879 /* ProviderService.swift */; };
		EDD3CD292201F33700E38879 /* ScheduleWeekDay.swift in Sources */ = {isa = PBXBuildFile; fileRef = EDD3CD282201F33700E38879 /* ScheduleWeekDay.swift */; };
		EDD3CD2B2201F3FD00E38879 /* ScheduleDateException.swift in Sources */ = {isa = PBXBuildFile; fileRef = EDD3CD2A2201F3FD00E38879 /* ScheduleDateException.swift */; };
		EDD3CD2D220304DA00E38879 /* DateManager.swift in Sources */ = {isa = PBXBuildFile; fileRef = EDD3CD2C220304DA00E38879 /* DateManager.swift */; };
/* End PBXBuildFile section */

/* Begin PBXFileReference section */
		DB8519372208CC0E00CCF452 /* ViewLines.swift */ = {isa = PBXFileReference; lastKnownFileType = sourcecode.swift; path = ViewLines.swift; sourceTree = "<group>"; };
		DB8519392208EECB00CCF452 /* StackViewBackground.swift */ = {isa = PBXFileReference; lastKnownFileType = sourcecode.swift; path = StackViewBackground.swift; sourceTree = "<group>"; };
		DB85193B2208F1B900CCF452 /* ImageViewColorChange.swift */ = {isa = PBXFileReference; lastKnownFileType = sourcecode.swift; path = ImageViewColorChange.swift; sourceTree = "<group>"; };
		DBADDE5521F4CD9200C3EA2F /* ProviderSignUpViewController.swift */ = {isa = PBXFileReference; lastKnownFileType = sourcecode.swift; path = ProviderSignUpViewController.swift; sourceTree = "<group>"; };
		ED089A4721E77D12006A8523 /* HealthSchedule.app */ = {isa = PBXFileReference; explicitFileType = wrapper.application; includeInIndex = 0; path = HealthSchedule.app; sourceTree = BUILT_PRODUCTS_DIR; };
		ED089A4A21E77D12006A8523 /* AppDelegate.swift */ = {isa = PBXFileReference; lastKnownFileType = sourcecode.swift; path = AppDelegate.swift; sourceTree = "<group>"; };
		ED089A5321E77D13006A8523 /* Assets.xcassets */ = {isa = PBXFileReference; lastKnownFileType = folder.assetcatalog; path = Assets.xcassets; sourceTree = "<group>"; };
		ED089A5821E77D13006A8523 /* Info.plist */ = {isa = PBXFileReference; lastKnownFileType = text.plist.xml; path = Info.plist; sourceTree = "<group>"; };
		ED089A8521E89B6A006A8523 /* UrlSessionHandler.swift */ = {isa = PBXFileReference; lastKnownFileType = sourcecode.swift; path = UrlSessionHandler.swift; sourceTree = "<group>"; };
		ED089A8B21E8EF1A006A8523 /* UserCollectionViewCell.swift */ = {isa = PBXFileReference; lastKnownFileType = sourcecode.swift; path = UserCollectionViewCell.swift; sourceTree = "<group>"; };
		ED089A9021E8EFB6006A8523 /* ContentViewCell.xib */ = {isa = PBXFileReference; lastKnownFileType = file.xib; path = ContentViewCell.xib; sourceTree = "<group>"; };
		ED089A9E21EC8848006A8523 /* ProfileView.swift */ = {isa = PBXFileReference; lastKnownFileType = sourcecode.swift; path = ProfileView.swift; sourceTree = "<group>"; };
		ED1ED01921FF199100141CF5 /* City.swift */ = {isa = PBXFileReference; lastKnownFileType = sourcecode.swift; path = City.swift; sourceTree = "<group>"; };
		ED1ED01D21FF2A1500141CF5 /* XibLoad.swift */ = {isa = PBXFileReference; lastKnownFileType = sourcecode.swift; path = XibLoad.swift; sourceTree = "<group>"; };
		ED1ED02121FF34B700141CF5 /* RequestManager.swift */ = {isa = PBXFileReference; lastKnownFileType = sourcecode.swift; path = RequestManager.swift; sourceTree = "<group>"; };
		ED1ED02321FF353400141CF5 /* Category.swift */ = {isa = PBXFileReference; lastKnownFileType = sourcecode.swift; path = Category.swift; sourceTree = "<group>"; };
		ED1ED02821FF5C2D00141CF5 /* ValidationManager.swift */ = {isa = PBXFileReference; lastKnownFileType = sourcecode.swift; path = ValidationManager.swift; sourceTree = "<group>"; };
		ED231B2022295A1700A80FC9 /* HomeViewController.swift */ = {isa = PBXFileReference; lastKnownFileType = sourcecode.swift; path = HomeViewController.swift; sourceTree = "<group>"; };
		ED231B2522297C6900A80FC9 /* HistoryViewController.swift */ = {isa = PBXFileReference; lastKnownFileType = sourcecode.swift; path = HistoryViewController.swift; sourceTree = "<group>"; };
		ED231B272229840600A80FC9 /* NavigationHoverHeaderView.swift */ = {isa = PBXFileReference; lastKnownFileType = sourcecode.swift; path = NavigationHoverHeaderView.swift; sourceTree = "<group>"; };
		ED231B2E222D486600A80FC9 /* AccountSection.swift */ = {isa = PBXFileReference; lastKnownFileType = sourcecode.swift; path = AccountSection.swift; sourceTree = "<group>"; };
		ED231B30222D48FF00A80FC9 /* AccountTableView.swift */ = {isa = PBXFileReference; lastKnownFileType = sourcecode.swift; path = AccountTableView.swift; sourceTree = "<group>"; };
		ED231B32222D498800A80FC9 /* AccountRow.swift */ = {isa = PBXFileReference; lastKnownFileType = sourcecode.swift; path = AccountRow.swift; sourceTree = "<group>"; };
		ED231B3A222D7C2600A80FC9 /* HomeNavigationController.swift */ = {isa = PBXFileReference; lastKnownFileType = sourcecode.swift; path = HomeNavigationController.swift; sourceTree = "<group>"; };
		ED231B3C222D7C3600A80FC9 /* HistoryNavigatonController.swift */ = {isa = PBXFileReference; lastKnownFileType = sourcecode.swift; path = HistoryNavigatonController.swift; sourceTree = "<group>"; };
		ED330C6221EF87B8001019FC /* AuthenticationViewController.swift */ = {isa = PBXFileReference; lastKnownFileType = sourcecode.swift; path = AuthenticationViewController.swift; sourceTree = "<group>"; };
		ED330C6721F0748B001019FC /* AlertHandler.swift */ = {isa = PBXFileReference; lastKnownFileType = sourcecode.swift; path = AlertHandler.swift; sourceTree = "<group>"; };
		ED330C6B21F08536001019FC /* SignUpRootViewController.swift */ = {isa = PBXFileReference; lastKnownFileType = sourcecode.swift; path = SignUpRootViewController.swift; sourceTree = "<group>"; };
		ED330C9021F21B35001019FC /* DesignableTextField.swift */ = {isa = PBXFileReference; lastKnownFileType = sourcecode.swift; path = DesignableTextField.swift; sourceTree = "<group>"; };
		ED330C9221F223AE001019FC /* BlurHandler.swift */ = {isa = PBXFileReference; lastKnownFileType = sourcecode.swift; path = BlurHandler.swift; sourceTree = "<group>"; };
		ED34D7F422088F230025BACF /* RoundView.swift */ = {isa = PBXFileReference; lastKnownFileType = sourcecode.swift; path = RoundView.swift; sourceTree = "<group>"; };
		ED34D7F62209A8480025BACF /* AccountViewController.swift */ = {isa = PBXFileReference; lastKnownFileType = sourcecode.swift; path = AccountViewController.swift; sourceTree = "<group>"; };
		ED34D7F82209B1020025BACF /* SignUp.storyboard */ = {isa = PBXFileReference; lastKnownFileType = file.storyboard; path = SignUp.storyboard; sourceTree = "<group>"; };
		ED34D7FB2209D2000025BACF /* MainSignUpInfoView.swift */ = {isa = PBXFileReference; lastKnownFileType = sourcecode.swift; path = MainSignUpInfoView.swift; sourceTree = "<group>"; };
		ED3A156C220B1B400013BD60 /* DetailedinfoMainView.swift */ = {isa = PBXFileReference; lastKnownFileType = sourcecode.swift; path = DetailedinfoMainView.swift; sourceTree = "<group>"; };
		ED3D233921F5F98C00BCADE9 /* SelectWithExperienceView.xib */ = {isa = PBXFileReference; lastKnownFileType = file.xib; path = SelectWithExperienceView.xib; sourceTree = "<group>"; };
		ED3D233D21F617A600BCADE9 /* SelectWithExperienceView.swift */ = {isa = PBXFileReference; lastKnownFileType = sourcecode.swift; path = SelectWithExperienceView.swift; sourceTree = "<group>"; };
		ED4482EB22044B4A00BE8EF0 /* Token.swift */ = {isa = PBXFileReference; lastKnownFileType = sourcecode.swift; path = Token.swift; sourceTree = "<group>"; };
		ED4482F2220457B600BE8EF0 /* Serializer.swift */ = {isa = PBXFileReference; lastKnownFileType = sourcecode.swift; path = Serializer.swift; sourceTree = "<group>"; };
		ED4482FB22045E4700BE8EF0 /* SystemExtensions.swift */ = {isa = PBXFileReference; lastKnownFileType = sourcecode.swift; path = SystemExtensions.swift; sourceTree = "<group>"; };
		ED44830022046B0A00BE8EF0 /* Parser.swift */ = {isa = PBXFileReference; lastKnownFileType = sourcecode.swift; path = Parser.swift; sourceTree = "<group>"; };
		ED448302220473BD00BE8EF0 /* ProfileImage.swift */ = {isa = PBXFileReference; lastKnownFileType = sourcecode.swift; path = ProfileImage.swift; sourceTree = "<group>"; };
		ED448305220477B900BE8EF0 /* ProviderData.swift */ = {isa = PBXFileReference; lastKnownFileType = sourcecode.swift; path = ProviderData.swift; sourceTree = "<group>"; };
		ED44830B2204A23400BE8EF0 /* Address.swift */ = {isa = PBXFileReference; lastKnownFileType = sourcecode.swift; path = Address.swift; sourceTree = "<group>"; };
		ED44830D2204A52500BE8EF0 /* Role.swift */ = {isa = PBXFileReference; lastKnownFileType = sourcecode.swift; path = Role.swift; sourceTree = "<group>"; };
		ED4483102204AA4400BE8EF0 /* UserMainModel.swift */ = {isa = PBXFileReference; lastKnownFileType = sourcecode.swift; path = UserMainModel.swift; sourceTree = "<group>"; };
		ED4483142208380E00BE8EF0 /* RequestEnums.swift */ = {isa = PBXFileReference; lastKnownFileType = sourcecode.swift; path = RequestEnums.swift; sourceTree = "<group>"; };
		ED44831822086D4B00BE8EF0 /* Authentication.storyboard */ = {isa = PBXFileReference; lastKnownFileType = file.storyboard; path = Authentication.storyboard; sourceTree = "<group>"; };
		ED44831B22086FF300BE8EF0 /* AuthMainView.swift */ = {isa = PBXFileReference; lastKnownFileType = sourcecode.swift; path = AuthMainView.swift; sourceTree = "<group>"; };
		ED52F16D220C6D4000568CBC /* ServerException.swift */ = {isa = PBXFileReference; lastKnownFileType = sourcecode.swift; path = ServerException.swift; sourceTree = "<group>"; };
		ED5DBCB5220066E3006070E0 /* User.swift */ = {isa = PBXFileReference; lastKnownFileType = sourcecode.swift; path = User.swift; sourceTree = "<group>"; };
		ED6CBE7921ECCDBD00860010 /* MainCoreDataContainer.xcdatamodel */ = {isa = PBXFileReference; lastKnownFileType = wrapper.xcdatamodel; path = MainCoreDataContainer.xcdatamodel; sourceTree = "<group>"; };
		EDCFB45122280AD500A6B56F /* LaunchScreen.storyboard */ = {isa = PBXFileReference; fileEncoding = 4; lastKnownFileType = file.storyboard; name = LaunchScreen.storyboard; path = HealthSchedule/Application/UI/Storyboards/LaunchScreen.storyboard; sourceTree = SOURCE_ROOT; };
		EDCFB45422280D2100A6B56F /* DatePickerView.swift */ = {isa = PBXFileReference; lastKnownFileType = sourcecode.swift; path = DatePickerView.swift; sourceTree = "<group>"; };
		EDCFB457222819B800A6B56F /* MainTabBarController.swift */ = {isa = PBXFileReference; lastKnownFileType = sourcecode.swift; path = MainTabBarController.swift; sourceTree = "<group>"; };
		EDCFB45B22281E2F00A6B56F /* RootNavigationController.swift */ = {isa = PBXFileReference; lastKnownFileType = sourcecode.swift; path = RootNavigationController.swift; sourceTree = "<group>"; };
		EDD3CD242201E7A400E38879 /* ProviderProfession.swift */ = {isa = PBXFileReference; lastKnownFileType = sourcecode.swift; path = ProviderProfession.swift; sourceTree = "<group>"; };
		EDD3CD262201F21700E38879 /* ProviderService.swift */ = {isa = PBXFileReference; lastKnownFileType = sourcecode.swift; path = ProviderService.swift; sourceTree = "<group>"; };
		EDD3CD282201F33700E38879 /* ScheduleWeekDay.swift */ = {isa = PBXFileReference; lastKnownFileType = sourcecode.swift; path = ScheduleWeekDay.swift; sourceTree = "<group>"; };
		EDD3CD2A2201F3FD00E38879 /* ScheduleDateException.swift */ = {isa = PBXFileReference; lastKnownFileType = sourcecode.swift; path = ScheduleDateException.swift; sourceTree = "<group>"; };
		EDD3CD2C220304DA00E38879 /* DateManager.swift */ = {isa = PBXFileReference; lastKnownFileType = sourcecode.swift; path = DateManager.swift; sourceTree = "<group>"; };
/* End PBXFileReference section */

/* Begin PBXFrameworksBuildPhase section */
		ED089A4421E77D12006A8523 /* Frameworks */ = {
			isa = PBXFrameworksBuildPhase;
			buildActionMask = 2147483647;
			files = (
			);
			runOnlyForDeploymentPostprocessing = 0;
		};
/* End PBXFrameworksBuildPhase section */

/* Begin PBXGroup section */
		ED089A3E21E77D12006A8523 = {
			isa = PBXGroup;
			children = (
				ED089A4921E77D12006A8523 /* HealthSchedule */,
				ED089A4821E77D12006A8523 /* Products */,
			);
			sourceTree = "<group>";
		};
		ED089A4821E77D12006A8523 /* Products */ = {
			isa = PBXGroup;
			children = (
				ED089A4721E77D12006A8523 /* HealthSchedule.app */,
			);
			name = Products;
			sourceTree = "<group>";
		};
		ED089A4921E77D12006A8523 /* HealthSchedule */ = {
			isa = PBXGroup;
			children = (
				EDCFB44C222806BB00A6B56F /* Application */,
				EDCFB44F222806E900A6B56F /* Assets */,
			);
			path = HealthSchedule;
			sourceTree = "<group>";
		};
		ED089A5E21E77D48006A8523 /* UI */ = {
			isa = PBXGroup;
			children = (
				ED4483162208622B00BE8EF0 /* Extensions */,
				ED089A5F21E77D48006A8523 /* Storyboards */,
				ED089A7321E7902D006A8523 /* Views */,
				ED089A8D21E8EF53006A8523 /* Xibs */,
			);
			path = UI;
			sourceTree = "<group>";
		};
		ED089A5F21E77D48006A8523 /* Storyboards */ = {
			isa = PBXGroup;
			children = (
				ED44831822086D4B00BE8EF0 /* Authentication.storyboard */,
				EDCFB45122280AD500A6B56F /* LaunchScreen.storyboard */,
				ED34D7F82209B1020025BACF /* SignUp.storyboard */,
			);
			path = Storyboards;
			sourceTree = "<group>";
		};
		ED089A6E21E78751006A8523 /* Controllers */ = {
			isa = PBXGroup;
			children = (
				ED330C6121EF878C001019FC /* Authentication */,
				ED330C6421EF8B52001019FC /* Main */,
				EDCFB45B22281E2F00A6B56F /* RootNavigationController.swift */,
			);
			path = Controllers;
			sourceTree = "<group>";
		};
		ED089A7321E7902D006A8523 /* Views */ = {
			isa = PBXGroup;
			children = (
				EDCFB46322294F0F00A6B56F /* Account */,
				ED44831A22086FDD00BE8EF0 /* Authenticatiion */,
				EDCFB45322280D0800A6B56F /* Date picker */,
				ED330C8F21F21B0C001019FC /* Designable */,
				ED231B272229840600A80FC9 /* NavigationHoverHeaderView.swift */,
				ED3D233D21F617A600BCADE9 /* SelectWithExperienceView.swift */,
				ED089A8B21E8EF1A006A8523 /* UserCollectionViewCell.swift */,
			);
			path = Views;
			sourceTree = "<group>";
		};
		ED089A8421E899D9006A8523 /* Managers */ = {
			isa = PBXGroup;
			children = (
				ED4483122204AA4700BE8EF0 /* Common */,
				ED4482ED22044EEE00BE8EF0 /* Parser */,
				ED4482F622045D4E00BE8EF0 /* Request */,
				EDCFB450222807CE00A6B56F /* UI */,
			);
			path = Managers;
			sourceTree = "<group>";
		};
		ED089A8D21E8EF53006A8523 /* Xibs */ = {
			isa = PBXGroup;
			children = (
				ED089A9021E8EFB6006A8523 /* ContentViewCell.xib */,
				ED3D233921F5F98C00BCADE9 /* SelectWithExperienceView.xib */,
			);
			path = Xibs;
			sourceTree = "<group>";
		};
		ED231B2A222D3B1600A80FC9 /* Account */ = {
			isa = PBXGroup;
			children = (
				ED34D7F62209A8480025BACF /* AccountViewController.swift */,
			);
			path = Account;
			sourceTree = "<group>";
		};
		ED231B2D222D482200A80FC9 /* TableView */ = {
			isa = PBXGroup;
			children = (
				ED231B2E222D486600A80FC9 /* AccountSection.swift */,
				ED231B30222D48FF00A80FC9 /* AccountTableView.swift */,
				ED231B32222D498800A80FC9 /* AccountRow.swift */,
			);
			path = TableView;
			sourceTree = "<group>";
		};
		ED231B38222D7BFA00A80FC9 /* Home */ = {
			isa = PBXGroup;
			children = (
				ED231B2022295A1700A80FC9 /* HomeViewController.swift */,
				ED231B3A222D7C2600A80FC9 /* HomeNavigationController.swift */,
			);
			path = Home;
			sourceTree = "<group>";
		};
		ED231B39222D7C0100A80FC9 /* History */ = {
			isa = PBXGroup;
			children = (
				ED231B2522297C6900A80FC9 /* HistoryViewController.swift */,
				ED231B3C222D7C3600A80FC9 /* HistoryNavigatonController.swift */,
			);
			path = History;
			sourceTree = "<group>";
		};
		ED330C6121EF878C001019FC /* Authentication */ = {
			isa = PBXGroup;
			children = (
				ED330C6221EF87B8001019FC /* AuthenticationViewController.swift */,
				ED330C6B21F08536001019FC /* SignUpRootViewController.swift */,
				DBADDE5521F4CD9200C3EA2F /* ProviderSignUpViewController.swift */,
			);
			path = Authentication;
			sourceTree = "<group>";
		};
		ED330C6421EF8B52001019FC /* Main */ = {
			isa = PBXGroup;
			children = (
				EDCFB45D22282C6100A6B56F /* TabControllers */,
				EDCFB457222819B800A6B56F /* MainTabBarController.swift */,
			);
			path = Main;
			sourceTree = "<group>";
		};
		ED330C8F21F21B0C001019FC /* Designable */ = {
			isa = PBXGroup;
			children = (
				ED330C9021F21B35001019FC /* DesignableTextField.swift */,
			);
			path = Designable;
			sourceTree = "<group>";
		};
		ED34D7FA2209D1C50025BACF /* Sign Up */ = {
			isa = PBXGroup;
			children = (
				ED34D7FB2209D2000025BACF /* MainSignUpInfoView.swift */,
				ED3A156C220B1B400013BD60 /* DetailedinfoMainView.swift */,
			);
			path = "Sign Up";
			sourceTree = "<group>";
		};
		ED4482ED22044EEE00BE8EF0 /* Parser */ = {
			isa = PBXGroup;
			children = (
				ED44830022046B0A00BE8EF0 /* Parser.swift */,
				ED4482F2220457B600BE8EF0 /* Serializer.swift */,
			);
			path = Parser;
			sourceTree = "<group>";
		};
		ED4482F622045D4E00BE8EF0 /* Request */ = {
			isa = PBXGroup;
			children = (
				ED4482FF220466D800BE8EF0 /* Base */,
				ED6CBE7D21EDDDE900860010 /* Models */,
				ED1ED02121FF34B700141CF5 /* RequestManager.swift */,
			);
			path = Request;
			sourceTree = "<group>";
		};
		ED4482FA22045E2B00BE8EF0 /* Tools */ = {
			isa = PBXGroup;
			children = (
				ED4482FB22045E4700BE8EF0 /* SystemExtensions.swift */,
			);
			path = Tools;
			sourceTree = "<group>";
		};
		ED4482FF220466D800BE8EF0 /* Base */ = {
			isa = PBXGroup;
			children = (
				ED4483142208380E00BE8EF0 /* RequestEnums.swift */,
				ED089A8521E89B6A006A8523 /* UrlSessionHandler.swift */,
			);
			path = Base;
			sourceTree = "<group>";
		};
		ED448304220477A800BE8EF0 /* User */ = {
			isa = PBXGroup;
			children = (
				ED44830F2204A61800BE8EF0 /* Common */,
				ED4483092204987800BE8EF0 /* Provider */,
				ED5DBCB5220066E3006070E0 /* User.swift */,
			);
			path = User;
			sourceTree = "<group>";
		};
		ED4483092204987800BE8EF0 /* Provider */ = {
			isa = PBXGroup;
			children = (
				ED448305220477B900BE8EF0 /* ProviderData.swift */,
				EDD3CD242201E7A400E38879 /* ProviderProfession.swift */,
				EDD3CD262201F21700E38879 /* ProviderService.swift */,
			);
			path = Provider;
			sourceTree = "<group>";
		};
		ED44830A2204989A00BE8EF0 /* Common */ = {
			isa = PBXGroup;
			children = (
				ED1ED02321FF353400141CF5 /* Category.swift */,
				ED1ED01921FF199100141CF5 /* City.swift */,
				EDD3CD2A2201F3FD00E38879 /* ScheduleDateException.swift */,
				EDD3CD282201F33700E38879 /* ScheduleWeekDay.swift */,
				ED4482EB22044B4A00BE8EF0 /* Token.swift */,
				ED52F16D220C6D4000568CBC /* ServerException.swift */,
			);
			path = Common;
			sourceTree = "<group>";
		};
		ED44830F2204A61800BE8EF0 /* Common */ = {
			isa = PBXGroup;
			children = (
				ED44830B2204A23400BE8EF0 /* Address.swift */,
				ED448302220473BD00BE8EF0 /* ProfileImage.swift */,
				ED44830D2204A52500BE8EF0 /* Role.swift */,
			);
			path = Common;
			sourceTree = "<group>";
		};
		ED4483122204AA4700BE8EF0 /* Common */ = {
			isa = PBXGroup;
			children = (
				EDD3CD2C220304DA00E38879 /* DateManager.swift */,
				ED1ED02821FF5C2D00141CF5 /* ValidationManager.swift */,
			);
			path = Common;
			sourceTree = "<group>";
		};
		ED4483162208622B00BE8EF0 /* Extensions */ = {
			isa = PBXGroup;
			children = (
				ED1ED01D21FF2A1500141CF5 /* XibLoad.swift */,
				ED34D7F422088F230025BACF /* RoundView.swift */,
				DB8519372208CC0E00CCF452 /* ViewLines.swift */,
				DB8519392208EECB00CCF452 /* StackViewBackground.swift */,
				DB85193B2208F1B900CCF452 /* ImageViewColorChange.swift */,
			);
			path = Extensions;
			sourceTree = "<group>";
		};
		ED44831A22086FDD00BE8EF0 /* Authenticatiion */ = {
			isa = PBXGroup;
			children = (
				ED34D7FA2209D1C50025BACF /* Sign Up */,
				ED44831B22086FF300BE8EF0 /* AuthMainView.swift */,
			);
			path = Authenticatiion;
			sourceTree = "<group>";
		};
		ED6CBE7D21EDDDE900860010 /* Models */ = {
			isa = PBXGroup;
			children = (
				ED44830A2204989A00BE8EF0 /* Common */,
				ED448304220477A800BE8EF0 /* User */,
			);
			path = Models;
			sourceTree = "<group>";
		};
		EDCFB44C222806BB00A6B56F /* Application */ = {
			isa = PBXGroup;
			children = (
				EDCFB46522294FED00A6B56F /* Models */,
				ED089A6E21E78751006A8523 /* Controllers */,
				EDCFB44E222806DE00A6B56F /* CoreData */,
				EDCFB44D222806D000A6B56F /* Main */,
				ED089A8421E899D9006A8523 /* Managers */,
				ED4482FA22045E2B00BE8EF0 /* Tools */,
				ED089A5E21E77D48006A8523 /* UI */,
			);
			path = Application;
			sourceTree = "<group>";
		};
		EDCFB44D222806D000A6B56F /* Main */ = {
			isa = PBXGroup;
			children = (
				ED089A5821E77D13006A8523 /* Info.plist */,
				ED089A4A21E77D12006A8523 /* AppDelegate.swift */,
			);
			path = Main;
			sourceTree = "<group>";
		};
		EDCFB44E222806DE00A6B56F /* CoreData */ = {
			isa = PBXGroup;
			children = (
				ED6CBE7821ECCDBD00860010 /* MainCoreDataContainer.xcdatamodeld */,
			);
			path = CoreData;
			sourceTree = "<group>";
		};
		EDCFB44F222806E900A6B56F /* Assets */ = {
			isa = PBXGroup;
			children = (
				ED089A5321E77D13006A8523 /* Assets.xcassets */,
			);
			path = Assets;
			sourceTree = "<group>";
		};
		EDCFB450222807CE00A6B56F /* UI */ = {
			isa = PBXGroup;
			children = (
				ED330C6721F0748B001019FC /* AlertHandler.swift */,
				ED330C9221F223AE001019FC /* BlurHandler.swift */,
			);
			path = UI;
			sourceTree = "<group>";
		};
		EDCFB45322280D0800A6B56F /* Date picker */ = {
			isa = PBXGroup;
			children = (
				EDCFB45422280D2100A6B56F /* DatePickerView.swift */,
			);
			path = "Date picker";
			sourceTree = "<group>";
		};
		EDCFB45D22282C6100A6B56F /* TabControllers */ = {
			isa = PBXGroup;
			children = (
				ED231B39222D7C0100A80FC9 /* History */,
				ED231B38222D7BFA00A80FC9 /* Home */,
				ED231B2A222D3B1600A80FC9 /* Account */,
			);
			path = TabControllers;
			sourceTree = "<group>";
		};
		EDCFB46322294F0F00A6B56F /* Account */ = {
			isa = PBXGroup;
			children = (
				ED231B2D222D482200A80FC9 /* TableView */,
				ED089A9E21EC8848006A8523 /* ProfileView.swift */,
			);
			path = Account;
			sourceTree = "<group>";
		};
		EDCFB46522294FED00A6B56F /* Models */ = {
			isa = PBXGroup;
			children = (
				ED4483102204AA4400BE8EF0 /* UserMainModel.swift */,
			);
			path = Models;
			sourceTree = "<group>";
		};
/* End PBXGroup section */

/* Begin PBXNativeTarget section */
		ED089A4621E77D12006A8523 /* HealthSchedule */ = {
			isa = PBXNativeTarget;
			buildConfigurationList = ED089A5B21E77D13006A8523 /* Build configuration list for PBXNativeTarget "HealthSchedule" */;
			buildPhases = (
				ED089A4321E77D12006A8523 /* Sources */,
				ED089A4421E77D12006A8523 /* Frameworks */,
				ED089A4521E77D12006A8523 /* Resources */,
			);
			buildRules = (
			);
			dependencies = (
			);
			name = HealthSchedule;
			productName = HealthSchedule;
			productReference = ED089A4721E77D12006A8523 /* HealthSchedule.app */;
			productType = "com.apple.product-type.application";
		};
/* End PBXNativeTarget section */

/* Begin PBXProject section */
		ED089A3F21E77D12006A8523 /* Project object */ = {
			isa = PBXProject;
			attributes = {
				LastSwiftUpdateCheck = 1010;
				LastUpgradeCheck = 1010;
				ORGANIZATIONNAME = "sys-246";
				TargetAttributes = {
					ED089A4621E77D12006A8523 = {
						CreatedOnToolsVersion = 10.1;
					};
				};
			};
			buildConfigurationList = ED089A4221E77D12006A8523 /* Build configuration list for PBXProject "HealthSchedule" */;
			compatibilityVersion = "Xcode 9.3";
			developmentRegion = en;
			hasScannedForEncodings = 0;
			knownRegions = (
				en,
				Base,
			);
			mainGroup = ED089A3E21E77D12006A8523;
			productRefGroup = ED089A4821E77D12006A8523 /* Products */;
			projectDirPath = "";
			projectRoot = "";
			targets = (
				ED089A4621E77D12006A8523 /* HealthSchedule */,
			);
		};
/* End PBXProject section */

/* Begin PBXResourcesBuildPhase section */
		ED089A4521E77D12006A8523 /* Resources */ = {
			isa = PBXResourcesBuildPhase;
			buildActionMask = 2147483647;
			files = (
				EDCFB45222280AD500A6B56F /* LaunchScreen.storyboard in Resources */,
				ED44831922086D4B00BE8EF0 /* Authentication.storyboard in Resources */,
				ED089A9121E8EFB6006A8523 /* ContentViewCell.xib in Resources */,
				ED98CBC921F7377700523EB7 /* Assets.xcassets in Resources */,
				ED3D233A21F5F98C00BCADE9 /* SelectWithExperienceView.xib in Resources */,
				ED34D7F92209B1020025BACF /* SignUp.storyboard in Resources */,
			);
			runOnlyForDeploymentPostprocessing = 0;
		};
/* End PBXResourcesBuildPhase section */

/* Begin PBXSourcesBuildPhase section */
		ED089A4321E77D12006A8523 /* Sources */ = {
			isa = PBXSourcesBuildPhase;
			buildActionMask = 2147483647;
			files = (
				ED089A8621E89B6A006A8523 /* UrlSessionHandler.swift in Sources */,
				ED231B31222D48FF00A80FC9 /* AccountTableView.swift in Sources */,
				ED089A9F21EC8848006A8523 /* ProfileView.swift in Sources */,
				ED330C6321EF87B8001019FC /* AuthenticationViewController.swift in Sources */,
				DB85193A2208EECB00CCF452 /* StackViewBackground.swift in Sources */,
				ED1ED02421FF353400141CF5 /* Category.swift in Sources */,
				ED231B2622297C6900A80FC9 /* HistoryViewController.swift in Sources */,
				ED34D7F72209A8480025BACF /* AccountViewController.swift in Sources */,
				ED1ED01A21FF199100141CF5 /* City.swift in Sources */,
				ED4483152208380E00BE8EF0 /* RequestEnums.swift in Sources */,
				EDD3CD2B2201F3FD00E38879 /* ScheduleDateException.swift in Sources */,
				ED330C9121F21B35001019FC /* DesignableTextField.swift in Sources */,
				DBADDE5621F4CD9200C3EA2F /* ProviderSignUpViewController.swift in Sources */,
				ED1ED02221FF34B700141CF5 /* RequestManager.swift in Sources */,
				ED44831C22086FF300BE8EF0 /* AuthMainView.swift in Sources */,
				ED44830E2204A52500BE8EF0 /* Role.swift in Sources */,
				ED34D7FC2209D2000025BACF /* MainSignUpInfoView.swift in Sources */,
				ED4483112204AA4400BE8EF0 /* UserMainModel.swift in Sources */,
				ED231B2F222D486600A80FC9 /* AccountSection.swift in Sources */,
				ED231B3D222D7C3600A80FC9 /* HistoryNavigatonController.swift in Sources */,
				ED34D7F522088F230025BACF /* RoundView.swift in Sources */,
				ED231B33222D498800A80FC9 /* AccountRow.swift in Sources */,
				ED330C6C21F08536001019FC /* SignUpRootViewController.swift in Sources */,
				ED1ED02921FF5C2D00141CF5 /* ValidationManager.swift in Sources */,
				DB8519382208CC0E00CCF452 /* ViewLines.swift in Sources */,
				ED3A156D220B1B400013BD60 /* DetailedinfoMainView.swift in Sources */,
				EDCFB45522280D2100A6B56F /* DatePickerView.swift in Sources */,
				EDCFB45C22281E2F00A6B56F /* RootNavigationController.swift in Sources */,
				EDD3CD292201F33700E38879 /* ScheduleWeekDay.swift in Sources */,
				ED3D233E21F617A600BCADE9 /* SelectWithExperienceView.swift in Sources */,
				ED52F16E220C6D4000568CBC /* ServerException.swift in Sources */,
				ED231B3B222D7C2600A80FC9 /* HomeNavigationController.swift in Sources */,
				ED44830122046B0A00BE8EF0 /* Parser.swift in Sources */,
				ED330C6821F0748B001019FC /* AlertHandler.swift in Sources */,
				EDD3CD272201F21700E38879 /* ProviderService.swift in Sources */,
				ED4482EC22044B4A00BE8EF0 /* Token.swift in Sources */,
				ED089A8C21E8EF1A006A8523 /* UserCollectionViewCell.swift in Sources */,
				ED4482F3220457B600BE8EF0 /* Serializer.swift in Sources */,
				ED330C9321F223AE001019FC /* BlurHandler.swift in Sources */,
				EDCFB458222819B800A6B56F /* MainTabBarController.swift in Sources */,
				ED4482FC22045E4700BE8EF0 /* SystemExtensions.swift in Sources */,
				ED089A4B21E77D12006A8523 /* AppDelegate.swift in Sources */,
				ED6CBE7A21ECCDBD00860010 /* MainCoreDataContainer.xcdatamodeld in Sources */,
				ED231B2122295A1700A80FC9 /* HomeViewController.swift in Sources */,
				ED448306220477B900BE8EF0 /* ProviderData.swift in Sources */,
				ED1ED01E21FF2A1500141CF5 /* XibLoad.swift in Sources */,
				ED231B282229840600A80FC9 /* NavigationHoverHeaderView.swift in Sources */,
				ED448303220473BD00BE8EF0 /* ProfileImage.swift in Sources */,
				DB85193C2208F1B900CCF452 /* ImageViewColorChange.swift in Sources */,
				ED5DBCB6220066E3006070E0 /* User.swift in Sources */,
				EDD3CD2D220304DA00E38879 /* DateManager.swift in Sources */,
				ED44830C2204A23400BE8EF0 /* Address.swift in Sources */,
				EDD3CD252201E7A400E38879 /* ProviderProfession.swift in Sources */,
			);
			runOnlyForDeploymentPostprocessing = 0;
		};
/* End PBXSourcesBuildPhase section */

/* Begin XCBuildConfiguration section */
		ED089A5921E77D13006A8523 /* Debug */ = {
			isa = XCBuildConfiguration;
			buildSettings = {
				ALWAYS_SEARCH_USER_PATHS = NO;
				CLANG_ANALYZER_NONNULL = YES;
				CLANG_ANALYZER_NUMBER_OBJECT_CONVERSION = YES_AGGRESSIVE;
				CLANG_CXX_LANGUAGE_STANDARD = "gnu++14";
				CLANG_CXX_LIBRARY = "libc++";
				CLANG_ENABLE_MODULES = YES;
				CLANG_ENABLE_OBJC_ARC = YES;
				CLANG_ENABLE_OBJC_WEAK = YES;
				CLANG_WARN_BLOCK_CAPTURE_AUTORELEASING = YES;
				CLANG_WARN_BOOL_CONVERSION = YES;
				CLANG_WARN_COMMA = YES;
				CLANG_WARN_CONSTANT_CONVERSION = YES;
				CLANG_WARN_DEPRECATED_OBJC_IMPLEMENTATIONS = YES;
				CLANG_WARN_DIRECT_OBJC_ISA_USAGE = YES_ERROR;
				CLANG_WARN_DOCUMENTATION_COMMENTS = YES;
				CLANG_WARN_EMPTY_BODY = YES;
				CLANG_WARN_ENUM_CONVERSION = YES;
				CLANG_WARN_INFINITE_RECURSION = YES;
				CLANG_WARN_INT_CONVERSION = YES;
				CLANG_WARN_NON_LITERAL_NULL_CONVERSION = YES;
				CLANG_WARN_OBJC_IMPLICIT_RETAIN_SELF = YES;
				CLANG_WARN_OBJC_LITERAL_CONVERSION = YES;
				CLANG_WARN_OBJC_ROOT_CLASS = YES_ERROR;
				CLANG_WARN_RANGE_LOOP_ANALYSIS = YES;
				CLANG_WARN_STRICT_PROTOTYPES = YES;
				CLANG_WARN_SUSPICIOUS_MOVE = YES;
				CLANG_WARN_UNGUARDED_AVAILABILITY = YES_AGGRESSIVE;
				CLANG_WARN_UNREACHABLE_CODE = YES;
				CLANG_WARN__DUPLICATE_METHOD_MATCH = YES;
				CODE_SIGN_IDENTITY = "iPhone Developer";
				COPY_PHASE_STRIP = NO;
				DEBUG_INFORMATION_FORMAT = dwarf;
				ENABLE_STRICT_OBJC_MSGSEND = YES;
				ENABLE_TESTABILITY = YES;
				GCC_C_LANGUAGE_STANDARD = gnu11;
				GCC_DYNAMIC_NO_PIC = NO;
				GCC_NO_COMMON_BLOCKS = YES;
				GCC_OPTIMIZATION_LEVEL = 0;
				GCC_PREPROCESSOR_DEFINITIONS = (
					"DEBUG=1",
					"$(inherited)",
				);
				GCC_WARN_64_TO_32_BIT_CONVERSION = YES;
				GCC_WARN_ABOUT_RETURN_TYPE = YES_ERROR;
				GCC_WARN_UNDECLARED_SELECTOR = YES;
				GCC_WARN_UNINITIALIZED_AUTOS = YES_AGGRESSIVE;
				GCC_WARN_UNUSED_FUNCTION = YES;
				GCC_WARN_UNUSED_VARIABLE = YES;
				IPHONEOS_DEPLOYMENT_TARGET = 12.1;
				MTL_ENABLE_DEBUG_INFO = INCLUDE_SOURCE;
				MTL_FAST_MATH = YES;
				ONLY_ACTIVE_ARCH = YES;
				SDKROOT = iphoneos;
				SWIFT_ACTIVE_COMPILATION_CONDITIONS = DEBUG;
				SWIFT_OPTIMIZATION_LEVEL = "-Onone";
			};
			name = Debug;
		};
		ED089A5A21E77D13006A8523 /* Release */ = {
			isa = XCBuildConfiguration;
			buildSettings = {
				ALWAYS_SEARCH_USER_PATHS = NO;
				CLANG_ANALYZER_NONNULL = YES;
				CLANG_ANALYZER_NUMBER_OBJECT_CONVERSION = YES_AGGRESSIVE;
				CLANG_CXX_LANGUAGE_STANDARD = "gnu++14";
				CLANG_CXX_LIBRARY = "libc++";
				CLANG_ENABLE_MODULES = YES;
				CLANG_ENABLE_OBJC_ARC = YES;
				CLANG_ENABLE_OBJC_WEAK = YES;
				CLANG_WARN_BLOCK_CAPTURE_AUTORELEASING = YES;
				CLANG_WARN_BOOL_CONVERSION = YES;
				CLANG_WARN_COMMA = YES;
				CLANG_WARN_CONSTANT_CONVERSION = YES;
				CLANG_WARN_DEPRECATED_OBJC_IMPLEMENTATIONS = YES;
				CLANG_WARN_DIRECT_OBJC_ISA_USAGE = YES_ERROR;
				CLANG_WARN_DOCUMENTATION_COMMENTS = YES;
				CLANG_WARN_EMPTY_BODY = YES;
				CLANG_WARN_ENUM_CONVERSION = YES;
				CLANG_WARN_INFINITE_RECURSION = YES;
				CLANG_WARN_INT_CONVERSION = YES;
				CLANG_WARN_NON_LITERAL_NULL_CONVERSION = YES;
				CLANG_WARN_OBJC_IMPLICIT_RETAIN_SELF = YES;
				CLANG_WARN_OBJC_LITERAL_CONVERSION = YES;
				CLANG_WARN_OBJC_ROOT_CLASS = YES_ERROR;
				CLANG_WARN_RANGE_LOOP_ANALYSIS = YES;
				CLANG_WARN_STRICT_PROTOTYPES = YES;
				CLANG_WARN_SUSPICIOUS_MOVE = YES;
				CLANG_WARN_UNGUARDED_AVAILABILITY = YES_AGGRESSIVE;
				CLANG_WARN_UNREACHABLE_CODE = YES;
				CLANG_WARN__DUPLICATE_METHOD_MATCH = YES;
				CODE_SIGN_IDENTITY = "iPhone Developer";
				COPY_PHASE_STRIP = NO;
				DEBUG_INFORMATION_FORMAT = "dwarf-with-dsym";
				ENABLE_NS_ASSERTIONS = NO;
				ENABLE_STRICT_OBJC_MSGSEND = YES;
				GCC_C_LANGUAGE_STANDARD = gnu11;
				GCC_NO_COMMON_BLOCKS = YES;
				GCC_WARN_64_TO_32_BIT_CONVERSION = YES;
				GCC_WARN_ABOUT_RETURN_TYPE = YES_ERROR;
				GCC_WARN_UNDECLARED_SELECTOR = YES;
				GCC_WARN_UNINITIALIZED_AUTOS = YES_AGGRESSIVE;
				GCC_WARN_UNUSED_FUNCTION = YES;
				GCC_WARN_UNUSED_VARIABLE = YES;
				IPHONEOS_DEPLOYMENT_TARGET = 12.1;
				MTL_ENABLE_DEBUG_INFO = NO;
				MTL_FAST_MATH = YES;
				SDKROOT = iphoneos;
				SWIFT_COMPILATION_MODE = wholemodule;
				SWIFT_OPTIMIZATION_LEVEL = "-O";
				VALIDATE_PRODUCT = YES;
			};
			name = Release;
		};
		ED089A5C21E77D13006A8523 /* Debug */ = {
			isa = XCBuildConfiguration;
			buildSettings = {
				ASSETCATALOG_COMPILER_APPICON_NAME = AppIcon;
				CODE_SIGN_STYLE = Automatic;
				DEVELOPMENT_TEAM = A3P55P4RYT;
				INFOPLIST_FILE = HealthSchedule/Application/Main/Info.plist;
				LD_RUNPATH_SEARCH_PATHS = (
					"$(inherited)",
					"@executable_path/Frameworks",
				);
				PRODUCT_BUNDLE_IDENTIFIER = com.FinalProduct.HealthSchedule;
				PRODUCT_NAME = "$(TARGET_NAME)";
				SWIFT_VERSION = 4.2;
				TARGETED_DEVICE_FAMILY = "1,2";
			};
			name = Debug;
		};
		ED089A5D21E77D13006A8523 /* Release */ = {
			isa = XCBuildConfiguration;
			buildSettings = {
				ASSETCATALOG_COMPILER_APPICON_NAME = AppIcon;
				CODE_SIGN_STYLE = Automatic;
				DEVELOPMENT_TEAM = A3P55P4RYT;
				INFOPLIST_FILE = HealthSchedule/Application/Main/Info.plist;
				LD_RUNPATH_SEARCH_PATHS = (
					"$(inherited)",
					"@executable_path/Frameworks",
				);
				PRODUCT_BUNDLE_IDENTIFIER = com.FinalProduct.HealthSchedule;
				PRODUCT_NAME = "$(TARGET_NAME)";
				SWIFT_VERSION = 4.2;
				TARGETED_DEVICE_FAMILY = "1,2";
			};
			name = Release;
		};
/* End XCBuildConfiguration section */

/* Begin XCConfigurationList section */
		ED089A4221E77D12006A8523 /* Build configuration list for PBXProject "HealthSchedule" */ = {
			isa = XCConfigurationList;
			buildConfigurations = (
				ED089A5921E77D13006A8523 /* Debug */,
				ED089A5A21E77D13006A8523 /* Release */,
			);
			defaultConfigurationIsVisible = 0;
			defaultConfigurationName = Release;
		};
		ED089A5B21E77D13006A8523 /* Build configuration list for PBXNativeTarget "HealthSchedule" */ = {
			isa = XCConfigurationList;
			buildConfigurations = (
				ED089A5C21E77D13006A8523 /* Debug */,
				ED089A5D21E77D13006A8523 /* Release */,
			);
			defaultConfigurationIsVisible = 0;
			defaultConfigurationName = Release;
		};
/* End XCConfigurationList section */

/* Begin XCVersionGroup section */
		ED6CBE7821ECCDBD00860010 /* MainCoreDataContainer.xcdatamodeld */ = {
			isa = XCVersionGroup;
			children = (
				ED6CBE7921ECCDBD00860010 /* MainCoreDataContainer.xcdatamodel */,
			);
			currentVersion = ED6CBE7921ECCDBD00860010 /* MainCoreDataContainer.xcdatamodel */;
			path = MainCoreDataContainer.xcdatamodeld;
			sourceTree = "<group>";
			versionGroupType = wrapper.xcdatamodel;
		};
/* End XCVersionGroup section */
	};
	rootObject = ED089A3F21E77D12006A8523 /* Project object */;
}
